// !$*UTF8*$!
{
	archiveVersion = 1;
	classes = {
	};
	objectVersion = 46;
	objects = {

/* Begin PBXBuildFile section */
		32D5925B1DB8A17B006F6B74 /* main.m in Sources */ = {isa = PBXBuildFile; fileRef = 32D5925A1DB8A17B006F6B74 /* main.m */; };
		32D5925E1DB8A17B006F6B74 /* AppDelegate.m in Sources */ = {isa = PBXBuildFile; fileRef = 32D5925D1DB8A17B006F6B74 /* AppDelegate.m */; };
		32D592611DB8A17B006F6B74 /* ViewController.m in Sources */ = {isa = PBXBuildFile; fileRef = 32D592601DB8A17B006F6B74 /* ViewController.m */; };
		32D592721DB8A192006F6B74 /* ViewController1.m in Sources */ = {isa = PBXBuildFile; fileRef = 32D592711DB8A192006F6B74 /* ViewController1.m */; };
		32D592751DB8A19E006F6B74 /* ViewController2.m in Sources */ = {isa = PBXBuildFile; fileRef = 32D592741DB8A19E006F6B74 /* ViewController2.m */; };
		32D592781DB8A1A8006F6B74 /* ViewController3.m in Sources */ = {isa = PBXBuildFile; fileRef = 32D592771DB8A1A8006F6B74 /* ViewController3.m */; };
		32D5927D1DB8A51D006F6B74 /* 2.jpg in Resources */ = {isa = PBXBuildFile; fileRef = 32D592791DB8A51D006F6B74 /* 2.jpg */; };
		32D5927E1DB8A51D006F6B74 /* 4.jpg in Resources */ = {isa = PBXBuildFile; fileRef = 32D5927A1DB8A51D006F6B74 /* 4.jpg */; };
		32D5927F1DB8A51D006F6B74 /* 3.jpg in Resources */ = {isa = PBXBuildFile; fileRef = 32D5927B1DB8A51D006F6B74 /* 3.jpg */; };
		32D592801DB8A51D006F6B74 /* 1.jpg in Resources */ = {isa = PBXBuildFile; fileRef = 32D5927C1DB8A51D006F6B74 /* 1.jpg */; };
		32D592861DB8AB77006F6B74 /* Images.xcassets in Resources */ = {isa = PBXBuildFile; fileRef = 32D592851DB8AB77006F6B74 /* Images.xcassets */; };
		32D5928A1DB8AC0D006F6B74 /* Default-568h@2x.png in Resources */ = {isa = PBXBuildFile; fileRef = 32D592891DB8AC0D006F6B74 /* Default-568h@2x.png */; };
/* End PBXBuildFile section */

/* Begin PBXFileReference section */
		32D592561DB8A17B006F6B74 /* UIScrollView--circle.app */ = {isa = PBXFileReference; explicitFileType = wrapper.application; includeInIndex = 0; path = "UIScrollView--circle.app"; sourceTree = BUILT_PRODUCTS_DIR; };
		32D5925A1DB8A17B006F6B74 /* main.m */ = {isa = PBXFileReference; lastKnownFileType = sourcecode.c.objc; path = main.m; sourceTree = "<group>"; };
		32D5925C1DB8A17B006F6B74 /* AppDelegate.h */ = {isa = PBXFileReference; lastKnownFileType = sourcecode.c.h; path = AppDelegate.h; sourceTree = "<group>"; };
		32D5925D1DB8A17B006F6B74 /* AppDelegate.m */ = {isa = PBXFileReference; lastKnownFileType = sourcecode.c.objc; path = AppDelegate.m; sourceTree = "<group>"; };
		32D5925F1DB8A17B006F6B74 /* ViewController.h */ = {isa = PBXFileReference; lastKnownFileType = sourcecode.c.h; path = ViewController.h; sourceTree = "<group>"; };
		32D592601DB8A17B006F6B74 /* ViewController.m */ = {isa = PBXFileReference; lastKnownFileType = sourcecode.c.objc; path = ViewController.m; sourceTree = "<group>"; };
		32D5926A1DB8A17B006F6B74 /* Info.plist */ = {isa = PBXFileReference; lastKnownFileType = text.plist.xml; path = Info.plist; sourceTree = "<group>"; };
		32D592701DB8A192006F6B74 /* ViewController1.h */ = {isa = PBXFileReference; fileEncoding = 4; lastKnownFileType = sourcecode.c.h; name = ViewController1.h; path = ../ViewController1.h; sourceTree = "<group>"; };
		32D592711DB8A192006F6B74 /* ViewController1.m */ = {isa = PBXFileReference; fileEncoding = 4; lastKnownFileType = sourcecode.c.objc; name = ViewController1.m; path = ../ViewController1.m; sourceTree = "<group>"; };
		32D592731DB8A19E006F6B74 /* ViewController2.h */ = {isa = PBXFileReference; fileEncoding = 4; lastKnownFileType = sourcecode.c.h; name = ViewController2.h; path = ../ViewController2.h; sourceTree = "<group>"; };
		32D592741DB8A19E006F6B74 /* ViewController2.m */ = {isa = PBXFileReference; fileEncoding = 4; lastKnownFileType = sourcecode.c.objc; name = ViewController2.m; path = ../ViewController2.m; sourceTree = "<group>"; };
		32D592761DB8A1A8006F6B74 /* ViewController3.h */ = {isa = PBXFileReference; fileEncoding = 4; lastKnownFileType = sourcecode.c.h; name = ViewController3.h; path = ../ViewController3.h; sourceTree = "<group>"; };
		32D592771DB8A1A8006F6B74 /* ViewController3.m */ = {isa = PBXFileReference; fileEncoding = 4; lastKnownFileType = sourcecode.c.objc; name = ViewController3.m; path = ../ViewController3.m; sourceTree = "<group>"; };
		32D592791DB8A51D006F6B74 /* 2.jpg */ = {isa = PBXFileReference; lastKnownFileType = image.jpeg; path = 2.jpg; sourceTree = "<group>"; };
		32D5927A1DB8A51D006F6B74 /* 4.jpg */ = {isa = PBXFileReference; lastKnownFileType = image.jpeg; path = 4.jpg; sourceTree = "<group>"; };
		32D5927B1DB8A51D006F6B74 /* 3.jpg */ = {isa = PBXFileReference; lastKnownFileType = image.jpeg; path = 3.jpg; sourceTree = "<group>"; };
		32D5927C1DB8A51D006F6B74 /* 1.jpg */ = {isa = PBXFileReference; lastKnownFileType = image.jpeg; path = 1.jpg; sourceTree = "<group>"; };
		32D592851DB8AB77006F6B74 /* Images.xcassets */ = {isa = PBXFileReference; lastKnownFileType = folder.assetcatalog; path = Images.xcassets; sourceTree = "<group>"; };
		32D592891DB8AC0D006F6B74 /* Default-568h@2x.png */ = {isa = PBXFileReference; lastKnownFileType = image.png; path = "Default-568h@2x.png"; sourceTree = "<group>"; };
/* End PBXFileReference section */

/* Begin PBXFrameworksBuildPhase section */
		32D592531DB8A17B006F6B74 /* Frameworks */ = {
			isa = PBXFrameworksBuildPhase;
			buildActionMask = 2147483647;
			files = (
			);
			runOnlyForDeploymentPostprocessing = 0;
		};
/* End PBXFrameworksBuildPhase section */

/* Begin PBXGroup section */
		32D5924D1DB8A17B006F6B74 = {
			isa = PBXGroup;
			children = (
				32D592581DB8A17B006F6B74 /* UIScrollView--circle */,
				32D592571DB8A17B006F6B74 /* Products */,
			);
			sourceTree = "<group>";
		};
		32D592571DB8A17B006F6B74 /* Products */ = {
			isa = PBXGroup;
			children = (
				32D592561DB8A17B006F6B74 /* UIScrollView--circle.app */,
			);
			name = Products;
			sourceTree = "<group>";
		};
		32D592581DB8A17B006F6B74 /* UIScrollView--circle */ = {
			isa = PBXGroup;
			children = (
				32D592891DB8AC0D006F6B74 /* Default-568h@2x.png */,
				32D5927C1DB8A51D006F6B74 /* 1.jpg */,
				32D592791DB8A51D006F6B74 /* 2.jpg */,
				32D5927B1DB8A51D006F6B74 /* 3.jpg */,
				32D5927A1DB8A51D006F6B74 /* 4.jpg */,
				32D5925C1DB8A17B006F6B74 /* AppDelegate.h */,
				32D5925D1DB8A17B006F6B74 /* AppDelegate.m */,
				32D5925F1DB8A17B006F6B74 /* ViewController.h */,
				32D592601DB8A17B006F6B74 /* ViewController.m */,
				32D592701DB8A192006F6B74 /* ViewController1.h */,
				32D592711DB8A192006F6B74 /* ViewController1.m */,
				32D592731DB8A19E006F6B74 /* ViewController2.h */,
				32D592741DB8A19E006F6B74 /* ViewController2.m */,
				32D592761DB8A1A8006F6B74 /* ViewController3.h */,
				32D592771DB8A1A8006F6B74 /* ViewController3.m */,
				32D5926A1DB8A17B006F6B74 /* Info.plist */,
				32D592851DB8AB77006F6B74 /* Images.xcassets */,
				32D592591DB8A17B006F6B74 /* Supporting Files */,
			);
			path = "UIScrollView--circle";
			sourceTree = "<group>";
		};
		32D592591DB8A17B006F6B74 /* Supporting Files */ = {
			isa = PBXGroup;
			children = (
				32D5925A1DB8A17B006F6B74 /* main.m */,
			);
			name = "Supporting Files";
			sourceTree = "<group>";
		};
/* End PBXGroup section */

/* Begin PBXNativeTarget section */
		32D592551DB8A17B006F6B74 /* UIScrollView--circle */ = {
			isa = PBXNativeTarget;
			buildConfigurationList = 32D5926D1DB8A17B006F6B74 /* Build configuration list for PBXNativeTarget "UIScrollView--circle" */;
			buildPhases = (
				32D592521DB8A17B006F6B74 /* Sources */,
				32D592531DB8A17B006F6B74 /* Frameworks */,
				32D592541DB8A17B006F6B74 /* Resources */,
			);
			buildRules = (
			);
			dependencies = (
			);
			name = "UIScrollView--circle";
			productName = "UIScrollView--circle";
			productReference = 32D592561DB8A17B006F6B74 /* UIScrollView--circle.app */;
			productType = "com.apple.product-type.application";
		};
/* End PBXNativeTarget section */

/* Begin PBXProject section */
		32D5924E1DB8A17B006F6B74 /* Project object */ = {
			isa = PBXProject;
			attributes = {
				LastUpgradeCheck = 0720;
				ORGANIZATIONNAME = "软件工程系01";
				TargetAttributes = {
					32D592551DB8A17B006F6B74 = {
						CreatedOnToolsVersion = 7.2;
						DevelopmentTeam = D7L9V4M55W;
					};
				};
			};
			buildConfigurationList = 32D592511DB8A17B006F6B74 /* Build configuration list for PBXProject "UIScrollView--circle" */;
			compatibilityVersion = "Xcode 3.2";
			developmentRegion = English;
			hasScannedForEncodings = 0;
			knownRegions = (
				en,
				Base,
			);
			mainGroup = 32D5924D1DB8A17B006F6B74;
			productRefGroup = 32D592571DB8A17B006F6B74 /* Products */;
			projectDirPath = "";
			projectRoot = "";
			targets = (
				32D592551DB8A17B006F6B74 /* UIScrollView--circle */,
			);
		};
/* End PBXProject section */

/* Begin PBXResourcesBuildPhase section */
		32D592541DB8A17B006F6B74 /* Resources */ = {
			isa = PBXResourcesBuildPhase;
			buildActionMask = 2147483647;
			files = (
				32D592861DB8AB77006F6B74 /* Images.xcassets in Resources */,
				32D5927D1DB8A51D006F6B74 /* 2.jpg in Resources */,
				32D5927F1DB8A51D006F6B74 /* 3.jpg in Resources */,
				32D5927E1DB8A51D006F6B74 /* 4.jpg in Resources */,
				32D5928A1DB8AC0D006F6B74 /* Default-568h@2x.png in Resources */,
				32D592801DB8A51D006F6B74 /* 1.jpg in Resources */,
			);
			runOnlyForDeploymentPostprocessing = 0;
		};
/* End PBXResourcesBuildPhase section */

/* Begin PBXSourcesBuildPhase section */
		32D592521DB8A17B006F6B74 /* Sources */ = {
			isa = PBXSourcesBuildPhase;
			buildActionMask = 2147483647;
			files = (
				32D592721DB8A192006F6B74 /* ViewController1.m in Sources */,
				32D592611DB8A17B006F6B74 /* ViewController.m in Sources */,
				32D592781DB8A1A8006F6B74 /* ViewController3.m in Sources */,
				32D592751DB8A19E006F6B74 /* ViewController2.m in Sources */,
				32D5925E1DB8A17B006F6B74 /* AppDelegate.m in Sources */,
				32D5925B1DB8A17B006F6B74 /* main.m in Sources */,
			);
			runOnlyForDeploymentPostprocessing = 0;
		};
/* End PBXSourcesBuildPhase section */

/* Begin XCBuildConfiguration section */
		32D5926B1DB8A17B006F6B74 /* Debug */ = {
			isa = XCBuildConfiguration;
			buildSettings = {
				ALWAYS_SEARCH_USER_PATHS = NO;
				CLANG_CXX_LANGUAGE_STANDARD = "gnu++0x";
				CLANG_CXX_LIBRARY = "libc++";
				CLANG_ENABLE_MODULES = YES;
				CLANG_ENABLE_OBJC_ARC = YES;
				CLANG_WARN_BOOL_CONVERSION = YES;
				CLANG_WARN_CONSTANT_CONVERSION = YES;
				CLANG_WARN_DIRECT_OBJC_ISA_USAGE = YES_ERROR;
				CLANG_WARN_EMPTY_BODY = YES;
				CLANG_WARN_ENUM_CONVERSION = YES;
				CLANG_WARN_INT_CONVERSION = YES;
				CLANG_WARN_OBJC_ROOT_CLASS = YES_ERROR;
				CLANG_WARN_UNREACHABLE_CODE = YES;
				CLANG_WARN__DUPLICATE_METHOD_MATCH = YES;
				"CODE_SIGN_IDENTITY[sdk=iphoneos*]" = "iPhone Developer";
				COPY_PHASE_STRIP = NO;
				DEBUG_INFORMATION_FORMAT = dwarf;
				ENABLE_STRICT_OBJC_MSGSEND = YES;
				ENABLE_TESTABILITY = YES;
				GCC_C_LANGUAGE_STANDARD = gnu99;
				GCC_DYNAMIC_NO_PIC = NO;
				GCC_NO_COMMON_BLOCKS = YES;
				GCC_OPTIMIZATION_LEVEL = 0;
				GCC_PREPROCESSOR_DEFINITIONS = (
					"DEBUG=1",
					"$(inherited)",
				);
				GCC_WARN_64_TO_32_BIT_CONVERSION = YES;
				GCC_WARN_ABOUT_RETURN_TYPE = YES_ERROR;
				GCC_WARN_UNDECLARED_SELECTOR = YES;
				GCC_WARN_UNINITIALIZED_AUTOS = YES_AGGRESSIVE;
				GCC_WARN_UNUSED_FUNCTION = YES;
				GCC_WARN_UNUSED_VARIABLE = YES;
				IPHONEOS_DEPLOYMENT_TARGET = 9.2;
				MTL_ENABLE_DEBUG_INFO = YES;
				ONLY_ACTIVE_ARCH = YES;
				SDKROOT = iphoneos;
			};
			name = Debug;
		};
		32D5926C1DB8A17B006F6B74 /* Release */ = {
			isa = XCBuildConfiguration;
			buildSettings = {
				ALWAYS_SEARCH_USER_PATHS = NO;
				CLANG_CXX_LANGUAGE_STANDARD = "gnu++0x";
				CLANG_CXX_LIBRARY = "libc++";
				CLANG_ENABLE_MODULES = YES;
				CLANG_ENABLE_OBJC_ARC = YES;
				CLANG_WARN_BOOL_CONVERSION = YES;
				CLANG_WARN_CONSTANT_CONVERSION = YES;
				CLANG_WARN_DIRECT_OBJC_ISA_USAGE = YES_ERROR;
				CLANG_WARN_EMPTY_BODY = YES;
				CLANG_WARN_ENUM_CONVERSION = YES;
				CLANG_WARN_INT_CONVERSION = YES;
				CLANG_WARN_OBJC_ROOT_CLASS = YES_ERROR;
				CLANG_WARN_UNREACHABLE_CODE = YES;
				CLANG_WARN__DUPLICATE_METHOD_MATCH = YES;
				"CODE_SIGN_IDENTITY[sdk=iphoneos*]" = "iPhone Developer";
				COPY_PHASE_STRIP = NO;
				DEBUG_INFORMATION_FORMAT = "dwarf-with-dsym";
				ENABLE_NS_ASSERTIONS = NO;
				ENABLE_STRICT_OBJC_MSGSEND = YES;
				GCC_C_LANGUAGE_STANDARD = gnu99;
				GCC_NO_COMMON_BLOCKS = YES;
				GCC_WARN_64_TO_32_BIT_CONVERSION = YES;
				GCC_WARN_ABOUT_RETURN_TYPE = YES_ERROR;
				GCC_WARN_UNDECLARED_SELECTOR = YES;
				GCC_WARN_UNINITIALIZED_AUTOS = YES_AGGRESSIVE;
				GCC_WARN_UNUSED_FUNCTION = YES;
				GCC_WARN_UNUSED_VARIABLE = YES;
				IPHONEOS_DEPLOYMENT_TARGET = 9.2;
				MTL_ENABLE_DEBUG_INFO = NO;
				SDKROOT = iphoneos;
				VALIDATE_PRODUCT = YES;
			};
			name = Release;
		};
		32D5926E1DB8A17B006F6B74 /* Debug */ = {
			isa = XCBuildConfiguration;
			buildSettings = {
				ASSETCATALOG_COMPILER_APPICON_NAME = AppIcon;
				ASSETCATALOG_COMPILER_LAUNCHIMAGE_NAME = "Brand Assets";
				INFOPLIST_FILE = "UIScrollView--circle/Info.plist";
				IPHONEOS_DEPLOYMENT_TARGET = 6.0;
				LD_RUNPATH_SEARCH_PATHS = "$(inherited) @executable_path/Frameworks";
				PRODUCT_BUNDLE_IDENTIFIER = "wwantong.ysu.UIScrollView--circle";
				PRODUCT_NAME = "$(TARGET_NAME)";
			};
			name = Debug;
		};
		32D5926F1DB8A17B006F6B74 /* Release */ = {
			isa = XCBuildConfiguration;
			buildSettings = {
				ASSETCATALOG_COMPILER_APPICON_NAME = AppIcon;
				ASSETCATALOG_COMPILER_LAUNCHIMAGE_NAME = "Brand Assets";
				INFOPLIST_FILE = "UIScrollView--circle/Info.plist";
				IPHONEOS_DEPLOYMENT_TARGET = 6.0;
				LD_RUNPATH_SEARCH_PATHS = "$(inherited) @executable_path/Frameworks";
				PRODUCT_BUNDLE_IDENTIFIER = "wwantong.ysu.UIScrollView--circle";
				PRODUCT_NAME = "$(TARGET_NAME)";
			};
			name = Release;
		};
/* End XCBuildConfiguration section */

/* Begin XCConfigurationList section */
		32D592511DB8A17B006F6B74 /* Build configuration list for PBXProject "UIScrollView--circle" */ = {
			isa = XCConfigurationList;
			buildConfigurations = (
				32D5926B1DB8A17B006F6B74 /* Debug */,
				32D5926C1DB8A17B006F6B74 /* Release */,
			);
			defaultConfigurationIsVisible = 0;
			defaultConfigurationName = Release;
		};
		32D5926D1DB8A17B006F6B74 /* Build configuration list for PBXNativeTarget "UIScrollView--circle" */ = {
			isa = XCConfigurationList;
			buildConfigurations = (
				32D5926E1DB8A17B006F6B74 /* Debug */,
				32D5926F1DB8A17B006F6B74 /* Release */,
			);
			defaultConfigurationIsVisible = 0;
			defaultConfigurationName = Release;
		};
/* End XCConfigurationList section */
	};
	rootObject = 32D5924E1DB8A17B006F6B74 /* Project object */;
}
